
Microsoft Visual Studio Solution File, Format Version 12.00
# Visual Studio Version 17
VisualStudioVersion = 17.14.36930.0 d17.14
MinimumVisualStudioVersion = 10.0.40219.1
Project("{FAE04EC0-301F-11D3-BF4B-00C04F79EFBC}") = "SistemaPlantillaUCENM", "SistemaPlantillaUCENM.csproj", "{14D11DC3-FD39-42F4-BA2A-978A631EA0DB}"
EndProject
Global
	GlobalSection(SolutionConfigurationPlatforms) = preSolution
		Debug|Any CPU = Debug|Any CPU
		Release|Any CPU = Release|Any CPU
	EndGlobalSection
	GlobalSection(ProjectConfigurationPlatforms) = postSolution
		{14D11DC3-FD39-42F4-BA2A-978A631EA0DB}.Debug|Any CPU.ActiveCfg = Debug|Any CPU
		{14D11DC3-FD39-42F4-BA2A-978A631EA0DB}.Debug|Any CPU.Build.0 = Debug|Any CPU
		{14D11DC3-FD39-42F4-BA2A-978A631EA0DB}.Release|Any CPU.ActiveCfg = Release|Any CPU
		{14D11DC3-FD39-42F4-BA2A-978A631EA0DB}.Release|Any CPU.Build.0 = Release|Any CPU
	EndGlobalSection
	GlobalSection(SolutionProperties) = preSolution
		HideSolutionNode = FALSE
	EndGlobalSection
	GlobalSection(ExtensibilityGlobals) = postSolution
		SolutionGuid = {BBA9F72E-B732-4885-AF22-DCC790B26159}
	EndGlobalSection
EndGlobal
